
Microsoft Visual Studio Solution File, Format Version 12.00
# Visual Studio Version 16
VisualStudioVersion = 16.0.28803.156
MinimumVisualStudioVersion = 10.0.40219.1
Project("{FAE04EC0-301F-11D3-BF4B-00C04F79EFBC}") = "NTCPcalc", "NTCPcalc.csproj", "{5890AC65-77A7-4CAC-8036-298A336732D7}"
EndProject
Global
	GlobalSection(SolutionConfigurationPlatforms) = preSolution
		Debug|Any CPU = Debug|Any CPU
		NTCPcalctest|Any CPU = NTCPcalctest|Any CPU
		Release|Any CPU = Release|Any CPU
	EndGlobalSection
	GlobalSection(ProjectConfigurationPlatforms) = postSolution
		{5890AC65-77A7-4CAC-8036-298A336732D7}.Debug|Any CPU.ActiveCfg = Debug|Any CPU
		{5890AC65-77A7-4CAC-8036-298A336732D7}.Debug|Any CPU.Build.0 = Debug|Any CPU
		{5890AC65-77A7-4CAC-8036-298A336732D7}.NTCPcalctest|Any CPU.ActiveCfg = Debug|Any CPU
		{5890AC65-77A7-4CAC-8036-298A336732D7}.NTCPcalctest|Any CPU.Build.0 = Debug|Any CPU
		{5890AC65-77A7-4CAC-8036-298A336732D7}.Release|Any CPU.ActiveCfg = Release|Any CPU
		{5890AC65-77A7-4CAC-8036-298A336732D7}.Release|Any CPU.Build.0 = Release|Any CPU
	EndGlobalSection
	GlobalSection(SolutionProperties) = preSolution
		HideSolutionNode = FALSE
	EndGlobalSection
	GlobalSection(ExtensibilityGlobals) = postSolution
		SolutionGuid = {1671E6AA-F61B-4654-8147-FAB3E8DDEC52}
	EndGlobalSection
EndGlobal
